{
  "name": "nodejs-actyx-reload",
  "version": "1.0.0",
  "lockfileVersion": 2,
  "requires": true,
  "packages": {
    "": {
      "name": "nodejs-actyx-reload",
      "version": "1.0.0",
      "license": "ISC",
      "dependencies": {
        "@actyx/pond": "^3.3.0",
        "@actyx/sdk": "^0.5.1"
      },
      "devDependencies": {
        "typescript": "4.5.4"
      }
    },
    "node_modules/@actyx/pond": {
      "version": "3.3.0",
      "resolved": "https://registry.npmjs.org/@actyx/pond/-/pond-3.3.0.tgz",
      "integrity": "sha512-zaK1qB6ON9aChI60AXSRGzDHCYty2FR9uWv3xez8rJxi/NbF1VxrYnAqjdaOLo2f+8vR5AXLM1Gt/1C9KYHnCA==",
      "bundleDependencies": [
        "rxjs"
      ],
      "dependencies": {
        "@actyx/sdk": "^0.5.1",
        "fp-ts": "2.11.5",
        "immutable": "4.0.0",
        "io-ts": "2.2.16",
        "ramda": "0.27.1",
        "rxjs": "*"
      }
    },
    "node_modules/@actyx/pond/node_modules/fp-ts": {
      "version": "2.11.5",
      "license": "MIT"
    },
    "node_modules/@actyx/pond/node_modules/rxjs": {
      "version": "7.4.0",
      "inBundle": true,
      "license": "Apache-2.0",
      "dependencies": {
        "tslib": "~2.1.0"
      }
    },
    "node_modules/@actyx/pond/node_modules/tslib": {
      "version": "2.1.0",
      "inBundle": true,
      "license": "0BSD"
    },
    "node_modules/@actyx/sdk": {
      "version": "0.5.1",
      "resolved": "https://registry.npmjs.org/@actyx/sdk/-/sdk-0.5.1.tgz",
      "integrity": "sha512-dBUHVFFzRTuoMJK/p0cbuNQjmiOw+zy9ortKVf0lEVC0oFXc7LzaaU9D0Tqjk2e0vJ1yjP848XG75pJY/iC2mg==",
      "bundleDependencies": [
        "rxjs"
      ],
      "dependencies": {
        "cross-fetch": "^3.1.4",
        "debug": "4.3.3",
        "events": "^3.3.0",
        "fp-ts": "2.11.5",
        "io-ts": "2.2.16",
        "isomorphic-ws": "^4.0.1",
        "ramda": "0.27.1",
        "rxjs": "*",
        "semver": "^7.3.5",
        "ws": "8.3.0"
      }
    },
    "node_modules/@actyx/sdk/node_modules/fp-ts": {
      "version": "2.11.5",
      "resolved": "https://registry.npmjs.org/fp-ts/-/fp-ts-2.11.5.tgz",
      "integrity": "sha512-OqlwJq1BdpB83BZXTqI+dNcA6uYk6qk4u9Cgnt64Y+XS7dwdbp/mobx8S2KXf2AXH+scNmA/UVK3SEFHR3vHZA=="
    },
    "node_modules/@actyx/sdk/node_modules/rxjs": {
      "version": "7.4.0",
      "inBundle": true,
      "license": "Apache-2.0",
      "dependencies": {
        "tslib": "~2.1.0"
      }
    },
    "node_modules/@actyx/sdk/node_modules/semver": {
      "version": "7.3.7",
      "resolved": "https://registry.npmjs.org/semver/-/semver-7.3.7.tgz",
      "integrity": "sha512-QlYTucUYOews+WeEujDoEGziz4K6c47V/Bd+LjSSYcA94p+DmINdf7ncaUinThfvZyu13lN9OY1XDxt8C0Tw0g==",
      "dependencies": {
        "lru-cache": "^6.0.0"
      },
      "bin": {
        "semver": "bin/semver.js"
      },
      "engines": {
        "node": ">=10"
      }
    },
    "node_modules/@actyx/sdk/node_modules/tslib": {
      "version": "2.1.0",
      "inBundle": true,
      "license": "0BSD"
    },
    "node_modules/cross-fetch": {
      "version": "3.1.5",
      "resolved": "https://registry.npmjs.org/cross-fetch/-/cross-fetch-3.1.5.tgz",
      "integrity": "sha512-lvb1SBsI0Z7GDwmuid+mU3kWVBwTVUbe7S0H52yaaAdQOXq2YktTCZdlAcNKFzE6QtRz0snpw9bNiPeOIkkQvw==",
      "dependencies": {
        "node-fetch": "2.6.7"
      }
    },
    "node_modules/debug": {
      "version": "4.3.3",
      "license": "MIT",
      "dependencies": {
        "ms": "2.1.2"
      },
      "engines": {
        "node": ">=6.0"
      },
      "peerDependenciesMeta": {
        "supports-color": {
          "optional": true
        }
      }
    },
    "node_modules/events": {
      "version": "3.3.0",
      "resolved": "https://registry.npmjs.org/events/-/events-3.3.0.tgz",
      "integrity": "sha512-mQw+2fkQbALzQ7V0MY0IqdnXNOeTtP4r0lN9z7AAawCXgqea7bDii20AYrIBrFd/Hx0M2Ocz6S111CaFkUcb0Q==",
      "engines": {
        "node": ">=0.8.x"
      }
    },
    "node_modules/fp-ts": {
      "version": "2.11.8",
      "license": "MIT",
      "peer": true
    },
    "node_modules/immutable": {
      "version": "4.0.0",
      "license": "MIT"
    },
    "node_modules/io-ts": {
      "version": "2.2.16",
      "license": "MIT",
      "peerDependencies": {
        "fp-ts": "^2.5.0"
      }
    },
    "node_modules/isomorphic-ws": {
      "version": "4.0.1",
      "resolved": "https://registry.npmjs.org/isomorphic-ws/-/isomorphic-ws-4.0.1.tgz",
      "integrity": "sha512-BhBvN2MBpWTaSHdWRb/bwdZJ1WaehQ2L1KngkCkfLUGF0mAWAT1sQUQacEmQ0jXkFw/czDXPNQSL5u2/Krsz1w==",
      "peerDependencies": {
        "ws": "*"
      }
    },
    "node_modules/lru-cache": {
      "version": "6.0.0",
      "license": "ISC",
      "dependencies": {
        "yallist": "^4.0.0"
      },
      "engines": {
        "node": ">=10"
      }
    },
    "node_modules/ms": {
      "version": "2.1.2",
      "license": "MIT"
    },
    "node_modules/node-fetch": {
      "version": "2.6.7",
      "resolved": "https://registry.npmjs.org/node-fetch/-/node-fetch-2.6.7.tgz",
      "integrity": "sha512-ZjMPFEfVx5j+y2yF35Kzx5sF7kDzxuDj6ziH4FFbOp87zKDZNx8yExJIb05OGF4Nlt9IHFIMBkRl41VdvcNdbQ==",
      "dependencies": {
        "whatwg-url": "^5.0.0"
      },
      "engines": {
        "node": "4.x || >=6.0.0"
      },
      "peerDependencies": {
        "encoding": "^0.1.0"
      },
      "peerDependenciesMeta": {
        "encoding": {
          "optional": true
        }
      }
    },
    "node_modules/node-fetch/node_modules/tr46": {
      "version": "0.0.3",
      "resolved": "https://registry.npmjs.org/tr46/-/tr46-0.0.3.tgz",
      "integrity": "sha1-gYT9NH2snNwYWZLzpmIuFLnZq2o="
    },
    "node_modules/node-fetch/node_modules/webidl-conversions": {
      "version": "3.0.1",
      "resolved": "https://registry.npmjs.org/webidl-conversions/-/webidl-conversions-3.0.1.tgz",
      "integrity": "sha1-JFNCdeKnvGvnvIZhHMFq4KVlSHE="
    },
    "node_modules/node-fetch/node_modules/whatwg-url": {
      "version": "5.0.0",
      "resolved": "https://registry.npmjs.org/whatwg-url/-/whatwg-url-5.0.0.tgz",
      "integrity": "sha1-lmRU6HZUYuN2RNNib2dCzotwll0=",
      "dependencies": {
        "tr46": "~0.0.3",
        "webidl-conversions": "^3.0.0"
      }
    },
    "node_modules/ramda": {
      "version": "0.27.1",
      "resolved": "https://registry.npmjs.org/ramda/-/ramda-0.27.1.tgz",
      "integrity": "sha512-PgIdVpn5y5Yns8vqb8FzBUEYn98V3xcPgawAkkgj0YJ0qDsnHCiNmZYfOGMgOvoB0eWFLpYbhxUR3mxfDIMvpw=="
    },
    "node_modules/typescript": {
      "version": "4.5.4",
      "dev": true,
      "license": "Apache-2.0",
      "bin": {
        "tsc": "bin/tsc",
        "tsserver": "bin/tsserver"
      },
      "engines": {
        "node": ">=4.2.0"
      }
    },
    "node_modules/ws": {
      "version": "8.3.0",
      "resolved": "https://registry.npmjs.org/ws/-/ws-8.3.0.tgz",
      "integrity": "sha512-Gs5EZtpqZzLvmIM59w4igITU57lrtYVFneaa434VROv4thzJyV6UjIL3D42lslWlI+D4KzLYnxSwtfuiO79sNw==",
      "engines": {
        "node": ">=10.0.0"
      },
      "peerDependencies": {
        "bufferutil": "^4.0.1",
        "utf-8-validate": "^5.0.2"
      },
      "peerDependenciesMeta": {
        "bufferutil": {
          "optional": true
        },
        "utf-8-validate": {
          "optional": true
        }
      }
    },
    "node_modules/yallist": {
      "version": "4.0.0",
      "license": "ISC"
    }
  },
  "dependencies": {
    "@actyx/pond": {
      "version": "3.3.0",
      "resolved": "https://registry.npmjs.org/@actyx/pond/-/pond-3.3.0.tgz",
      "integrity": "sha512-zaK1qB6ON9aChI60AXSRGzDHCYty2FR9uWv3xez8rJxi/NbF1VxrYnAqjdaOLo2f+8vR5AXLM1Gt/1C9KYHnCA==",
      "requires": {
        "@actyx/sdk": "^0.5.1",
        "fp-ts": "2.11.5",
        "immutable": "4.0.0",
        "io-ts": "2.2.16",
        "ramda": "0.27.1",
        "rxjs": "*"
      },
      "dependencies": {
        "fp-ts": {
          "version": "2.11.5"
        },
        "rxjs": {
          "version": "7.4.0",
          "bundled": true,
          "requires": {
            "tslib": "~2.1.0"
          }
        },
        "tslib": {
          "version": "2.1.0",
          "bundled": true
        }
      }
    },
    "@actyx/sdk": {
      "version": "0.5.1",
      "resolved": "https://registry.npmjs.org/@actyx/sdk/-/sdk-0.5.1.tgz",
      "integrity": "sha512-dBUHVFFzRTuoMJK/p0cbuNQjmiOw+zy9ortKVf0lEVC0oFXc7LzaaU9D0Tqjk2e0vJ1yjP848XG75pJY/iC2mg==",
      "requires": {
        "cross-fetch": "^3.1.4",
        "debug": "4.3.3",
        "events": "^3.3.0",
        "fp-ts": "2.11.5",
        "io-ts": "2.2.16",
        "isomorphic-ws": "^4.0.1",
        "ramda": "0.27.1",
        "rxjs": "*",
        "semver": "^7.3.5",
        "ws": "8.3.0"
      },
      "dependencies": {
        "fp-ts": {
          "version": "2.11.5",
          "resolved": "https://registry.npmjs.org/fp-ts/-/fp-ts-2.11.5.tgz",
          "integrity": "sha512-OqlwJq1BdpB83BZXTqI+dNcA6uYk6qk4u9Cgnt64Y+XS7dwdbp/mobx8S2KXf2AXH+scNmA/UVK3SEFHR3vHZA=="
        },
        "rxjs": {
          "version": "7.4.0",
          "bundled": true,
          "requires": {
            "tslib": "~2.1.0"
          }
        },
        "semver": {
          "version": "7.3.7",
          "resolved": "https://registry.npmjs.org/semver/-/semver-7.3.7.tgz",
          "integrity": "sha512-QlYTucUYOews+WeEujDoEGziz4K6c47V/Bd+LjSSYcA94p+DmINdf7ncaUinThfvZyu13lN9OY1XDxt8C0Tw0g==",
          "requires": {
            "lru-cache": "^6.0.0"
          }
        },
        "tslib": {
          "version": "2.1.0",
          "bundled": true
        }
      }
    },
    "cross-fetch": {
      "version": "3.1.5",
      "resolved": "https://registry.npmjs.org/cross-fetch/-/cross-fetch-3.1.5.tgz",
      "integrity": "sha512-lvb1SBsI0Z7GDwmuid+mU3kWVBwTVUbe7S0H52yaaAdQOXq2YktTCZdlAcNKFzE6QtRz0snpw9bNiPeOIkkQvw==",
      "requires": {
        "node-fetch": "2.6.7"
      }
    },
    "debug": {
      "version": "4.3.3",
      "requires": {
        "ms": "2.1.2"
      }
    },
    "events": {
      "version": "3.3.0",
      "resolved": "https://registry.npmjs.org/events/-/events-3.3.0.tgz",
      "integrity": "sha512-mQw+2fkQbALzQ7V0MY0IqdnXNOeTtP4r0lN9z7AAawCXgqea7bDii20AYrIBrFd/Hx0M2Ocz6S111CaFkUcb0Q=="
    },
    "fp-ts": {
      "version": "2.11.8",
      "peer": true
    },
    "immutable": {
      "version": "4.0.0"
    },
    "io-ts": {
      "version": "2.2.16",
      "requires": {}
    },
    "isomorphic-ws": {
      "version": "4.0.1",
      "resolved": "https://registry.npmjs.org/isomorphic-ws/-/isomorphic-ws-4.0.1.tgz",
      "integrity": "sha512-BhBvN2MBpWTaSHdWRb/bwdZJ1WaehQ2L1KngkCkfLUGF0mAWAT1sQUQacEmQ0jXkFw/czDXPNQSL5u2/Krsz1w==",
      "requires": {}
    },
    "lru-cache": {
      "version": "6.0.0",
      "requires": {
        "yallist": "^4.0.0"
      }
    },
    "ms": {
      "version": "2.1.2"
    },
    "node-fetch": {
      "version": "2.6.7",
      "resolved": "https://registry.npmjs.org/node-fetch/-/node-fetch-2.6.7.tgz",
      "integrity": "sha512-ZjMPFEfVx5j+y2yF35Kzx5sF7kDzxuDj6ziH4FFbOp87zKDZNx8yExJIb05OGF4Nlt9IHFIMBkRl41VdvcNdbQ==",
      "requires": {
        "whatwg-url": "^5.0.0"
      },
      "dependencies": {
        "tr46": {
          "version": "0.0.3",
          "resolved": "https://registry.npmjs.org/tr46/-/tr46-0.0.3.tgz",
          "integrity": "sha1-gYT9NH2snNwYWZLzpmIuFLnZq2o="
        },
        "webidl-conversions": {
          "version": "3.0.1",
          "resolved": "https://registry.npmjs.org/webidl-conversions/-/webidl-conversions-3.0.1.tgz",
          "integrity": "sha1-JFNCdeKnvGvnvIZhHMFq4KVlSHE="
        },
        "whatwg-url": {
          "version": "5.0.0",
          "resolved": "https://registry.npmjs.org/whatwg-url/-/whatwg-url-5.0.0.tgz",
          "integrity": "sha1-lmRU6HZUYuN2RNNib2dCzotwll0=",
          "requires": {
            "tr46": "~0.0.3",
            "webidl-conversions": "^3.0.0"
          }
        }
      }
    },
    "ramda": {
      "version": "0.27.1",
      "resolved": "https://registry.npmjs.org/ramda/-/ramda-0.27.1.tgz",
      "integrity": "sha512-PgIdVpn5y5Yns8vqb8FzBUEYn98V3xcPgawAkkgj0YJ0qDsnHCiNmZYfOGMgOvoB0eWFLpYbhxUR3mxfDIMvpw=="
    },
    "typescript": {
      "version": "4.5.4",
      "dev": true
    },
    "ws": {
      "version": "8.3.0",
      "resolved": "https://registry.npmjs.org/ws/-/ws-8.3.0.tgz",
      "integrity": "sha512-Gs5EZtpqZzLvmIM59w4igITU57lrtYVFneaa434VROv4thzJyV6UjIL3D42lslWlI+D4KzLYnxSwtfuiO79sNw==",
      "requires": {}
    },
    "yallist": {
      "version": "4.0.0"
    }
  }
}
